
Microsoft Visual Studio Solution File, Format Version 12.00
# Visual Studio 15
VisualStudioVersion = 15.0.28307.421
MinimumVisualStudioVersion = 10.0.40219.1
Project("{FAE04EC0-301F-11D3-BF4B-00C04F79EFBC}") = "Test0311_Hello", "Test0311_Hello\Test0311_Hello.csproj", "{49E6B303-C629-4AE8-BB72-C1E79B817592}"
EndProject
Global
	GlobalSection(SolutionConfigurationPlatforms) = preSolution
		Debug|Any CPU = Debug|Any CPU
		Release|Any CPU = Release|Any CPU
	EndGlobalSection
	GlobalSection(ProjectConfigurationPlatforms) = postSolution
		{49E6B303-C629-4AE8-BB72-C1E79B817592}.Debug|Any CPU.ActiveCfg = Debug|Any CPU
		{49E6B303-C629-4AE8-BB72-C1E79B817592}.Debug|Any CPU.Build.0 = Debug|Any CPU
		{49E6B303-C629-4AE8-BB72-C1E79B817592}.Release|Any CPU.ActiveCfg = Release|Any CPU
		{49E6B303-C629-4AE8-BB72-C1E79B817592}.Release|Any CPU.Build.0 = Release|Any CPU
	EndGlobalSection
	GlobalSection(SolutionProperties) = preSolution
		HideSolutionNode = FALSE
	EndGlobalSection
	GlobalSection(ExtensibilityGlobals) = postSolution
		SolutionGuid = {4F0377B3-4ABA-43C9-ACC6-6DD2824A460A}
	EndGlobalSection
EndGlobal
